
Microsoft Visual Studio Solution File, Format Version 12.00
# Visual Studio Version 16
VisualStudioVersion = 16.0.29418.71
MinimumVisualStudioVersion = 10.0.40219.1
Project("{9A19103F-16F7-4668-BE54-9A1E7A4F7556}") = "E-Cart.WebSite", "E-Cart.WebSite\E-Cart.WebSite.csproj", "{1AA39A75-6F02-4AE3-8993-7C34EC54F558}"
EndProject
Project("{9A19103F-16F7-4668-BE54-9A1E7A4F7556}") = "E-Cart.WebSite.DataEntities", "E-Cart.WebSite.DataEntities\E-Cart.WebSite.DataEntities.csproj", "{99F69179-AE2D-441B-9312-5A0C451357A2}"
EndProject
Project("{9A19103F-16F7-4668-BE54-9A1E7A4F7556}") = "E-Cart.WebSite.CoreEntities", "E-Cart.WebSite.CoreEntities\E-Cart.WebSite.CoreEntities.csproj", "{49BB14CD-8A8E-4CDF-B9CA-C5D576F3B42D}"
EndProject
Project("{9A19103F-16F7-4668-BE54-9A1E7A4F7556}") = "E-Cart.WebSite.Interfaces", "E-Cart.WebSite.Interfaces\E-Cart.WebSite.Interfaces.csproj", "{3C85AA30-2D12-4901-8646-FAB66E18498D}"
EndProject
Project("{9A19103F-16F7-4668-BE54-9A1E7A4F7556}") = "E-Cart.WebSite.BusinessEntities", "E-Cart.WebSite.BusinessEntities\E-Cart.WebSite.BusinessEntities.csproj", "{63F458DC-0579-4782-8F40-59BB265DFB22}"
EndProject
Global
	GlobalSection(SolutionConfigurationPlatforms) = preSolution
		Debug|Any CPU = Debug|Any CPU
		Release|Any CPU = Release|Any CPU
	EndGlobalSection
	GlobalSection(ProjectConfigurationPlatforms) = postSolution
		{1AA39A75-6F02-4AE3-8993-7C34EC54F558}.Debug|Any CPU.ActiveCfg = Debug|Any CPU
		{1AA39A75-6F02-4AE3-8993-7C34EC54F558}.Debug|Any CPU.Build.0 = Debug|Any CPU
		{1AA39A75-6F02-4AE3-8993-7C34EC54F558}.Release|Any CPU.ActiveCfg = Release|Any CPU
		{1AA39A75-6F02-4AE3-8993-7C34EC54F558}.Release|Any CPU.Build.0 = Release|Any CPU
		{99F69179-AE2D-441B-9312-5A0C451357A2}.Debug|Any CPU.ActiveCfg = Debug|Any CPU
		{99F69179-AE2D-441B-9312-5A0C451357A2}.Debug|Any CPU.Build.0 = Debug|Any CPU
		{99F69179-AE2D-441B-9312-5A0C451357A2}.Release|Any CPU.ActiveCfg = Release|Any CPU
		{99F69179-AE2D-441B-9312-5A0C451357A2}.Release|Any CPU.Build.0 = Release|Any CPU
		{49BB14CD-8A8E-4CDF-B9CA-C5D576F3B42D}.Debug|Any CPU.ActiveCfg = Debug|Any CPU
		{49BB14CD-8A8E-4CDF-B9CA-C5D576F3B42D}.Debug|Any CPU.Build.0 = Debug|Any CPU
		{49BB14CD-8A8E-4CDF-B9CA-C5D576F3B42D}.Release|Any CPU.ActiveCfg = Release|Any CPU
		{49BB14CD-8A8E-4CDF-B9CA-C5D576F3B42D}.Release|Any CPU.Build.0 = Release|Any CPU
		{3C85AA30-2D12-4901-8646-FAB66E18498D}.Debug|Any CPU.ActiveCfg = Debug|Any CPU
		{3C85AA30-2D12-4901-8646-FAB66E18498D}.Debug|Any CPU.Build.0 = Debug|Any CPU
		{3C85AA30-2D12-4901-8646-FAB66E18498D}.Release|Any CPU.ActiveCfg = Release|Any CPU
		{3C85AA30-2D12-4901-8646-FAB66E18498D}.Release|Any CPU.Build.0 = Release|Any CPU
		{63F458DC-0579-4782-8F40-59BB265DFB22}.Debug|Any CPU.ActiveCfg = Debug|Any CPU
		{63F458DC-0579-4782-8F40-59BB265DFB22}.Debug|Any CPU.Build.0 = Debug|Any CPU
		{63F458DC-0579-4782-8F40-59BB265DFB22}.Release|Any CPU.ActiveCfg = Release|Any CPU
		{63F458DC-0579-4782-8F40-59BB265DFB22}.Release|Any CPU.Build.0 = Release|Any CPU
	EndGlobalSection
	GlobalSection(SolutionProperties) = preSolution
		HideSolutionNode = FALSE
	EndGlobalSection
	GlobalSection(ExtensibilityGlobals) = postSolution
		SolutionGuid = {F27435DF-97CA-460C-952F-BD5C202580EE}
	EndGlobalSection
EndGlobal
